
Microsoft Visual Studio Solution File, Format Version 12.00
# Visual Studio Version 17
VisualStudioVersion = 17.9.34723.18
MinimumVisualStudioVersion = 10.0.40219.1
Project("{FAE04EC0-301F-11D3-BF4B-00C04F79EFBC}") = "RabbitPublisher", "RabbitFanoutTest\RabbitPublisher.csproj", "{D7547479-4EA9-402A-9202-1E83356AEAE9}"
EndProject
Project("{FAE04EC0-301F-11D3-BF4B-00C04F79EFBC}") = "RabbitConsumer", "RabbitConsumer\RabbitConsumer.csproj", "{84A7C6B3-2D35-4CC5-A757-1ACD952B49A8}"
EndProject
Global
	GlobalSection(SolutionConfigurationPlatforms) = preSolution
		Debug|Any CPU = Debug|Any CPU
		Release|Any CPU = Release|Any CPU
	EndGlobalSection
	GlobalSection(ProjectConfigurationPlatforms) = postSolution
		{D7547479-4EA9-402A-9202-1E83356AEAE9}.Debug|Any CPU.ActiveCfg = Debug|Any CPU
		{D7547479-4EA9-402A-9202-1E83356AEAE9}.Debug|Any CPU.Build.0 = Debug|Any CPU
		{D7547479-4EA9-402A-9202-1E83356AEAE9}.Release|Any CPU.ActiveCfg = Release|Any CPU
		{D7547479-4EA9-402A-9202-1E83356AEAE9}.Release|Any CPU.Build.0 = Release|Any CPU
		{84A7C6B3-2D35-4CC5-A757-1ACD952B49A8}.Debug|Any CPU.ActiveCfg = Debug|Any CPU
		{84A7C6B3-2D35-4CC5-A757-1ACD952B49A8}.Debug|Any CPU.Build.0 = Debug|Any CPU
		{84A7C6B3-2D35-4CC5-A757-1ACD952B49A8}.Release|Any CPU.ActiveCfg = Release|Any CPU
		{84A7C6B3-2D35-4CC5-A757-1ACD952B49A8}.Release|Any CPU.Build.0 = Release|Any CPU
	EndGlobalSection
	GlobalSection(SolutionProperties) = preSolution
		HideSolutionNode = FALSE
	EndGlobalSection
	GlobalSection(ExtensibilityGlobals) = postSolution
		SolutionGuid = {ECF35A4A-A7BF-4923-8DD1-7B51E35ED9E4}
	EndGlobalSection
EndGlobal
